<Solution>
  <Configurations>
    <Platform Name="x64" />
  </Configurations>
  <Project Path="injector/injector.vcxproj" Id="e350f030-4663-41f8-b83e-d6e451d43715">
    <BuildDependency Project="camera-no-clip/camera-no-clip.vcxproj" />
  </Project>
  <Project Path="camera-no-clip/camera-no-clip.vcxproj" Id="a1b2c3d4-1111-4222-8333-444555666777" />
</Solution>
